github.com/robotn/gohook v0.0.0-20200224154940-caaa106d8037 h1:D2n1BKKjTvtL12pP7Yy35keMRrP8tJ9FNihbowffy5I=
github.com/robotn/gohook v0.0.0-20200224154940-caaa106d8037/go.mod h1:VUHyXb+4yA0DJQs+jaC2jWs+J7s6StlztBgwDkcEZT4=
github.com/vcaesar/tt v0.0.0-20200219144246-a190abe69d64 h1:MwxT8hyvPcPafJ2LDmoFuH7Xpz5LZ6W3dKzwVQAHD/k=
github.com/vcaesar/tt v0.0.0-20200219144246-a190abe69d64/go.mod h1:GHPxQYhn+7OgKakRusH7KJ0M5MhywoeLb8Fcffs/Gtg=
